
Microsoft Visual Studio Solution File, Format Version 12.00
# Visual Studio Version 17
VisualStudioVersion = 17.6.33815.320
MinimumVisualStudioVersion = 10.0.40219.1
Project("{FAE04EC0-301F-11D3-BF4B-00C04F79EFBC}") = "Projekt sieci", "Projekt sieci\Projekt sieci.csproj", "{C14533AC-6FDF-469B-92F4-12AE3AB1BAC0}"
EndProject
Global
	GlobalSection(SolutionConfigurationPlatforms) = preSolution
		Debug|Any CPU = Debug|Any CPU
		Release|Any CPU = Release|Any CPU
	EndGlobalSection
	GlobalSection(ProjectConfigurationPlatforms) = postSolution
		{C14533AC-6FDF-469B-92F4-12AE3AB1BAC0}.Debug|Any CPU.ActiveCfg = Debug|Any CPU
		{C14533AC-6FDF-469B-92F4-12AE3AB1BAC0}.Debug|Any CPU.Build.0 = Debug|Any CPU
		{C14533AC-6FDF-469B-92F4-12AE3AB1BAC0}.Release|Any CPU.ActiveCfg = Release|Any CPU
		{C14533AC-6FDF-469B-92F4-12AE3AB1BAC0}.Release|Any CPU.Build.0 = Release|Any CPU
	EndGlobalSection
	GlobalSection(SolutionProperties) = preSolution
		HideSolutionNode = FALSE
	EndGlobalSection
	GlobalSection(ExtensibilityGlobals) = postSolution
		SolutionGuid = {F7B83598-20C0-4D2F-BE17-8CBAE6D3BDCC}
	EndGlobalSection
EndGlobal
